
Microsoft Visual Studio Solution File, Format Version 12.00
# Visual Studio Version 17
VisualStudioVersion = 17.11.35327.3
MinimumVisualStudioVersion = 10.0.40219.1
Project("{9A19103F-16F7-4668-BE54-9A1E7A4F7556}") = "fireguard", "fireguard\fireguard.csproj", "{C6CCE582-2513-4675-BCAE-CC15C3E7D1C9}"
EndProject
Project("{9A19103F-16F7-4668-BE54-9A1E7A4F7556}") = "DAL", "DAL\DAL.csproj", "{16CAB2A7-4118-450A-BE31-02CAB87E8997}"
EndProject
Project("{9A19103F-16F7-4668-BE54-9A1E7A4F7556}") = "BLL", "BLL\BLL.csproj", "{5CF48022-E652-4EB0-AE3E-B4104D1FD82B}"
EndProject
Project("{2150E333-8FDC-42A3-9474-1A3956D46DE8}") = "Solution Items", "Solution Items", "{1829A4C9-6905-483E-82CC-742C6481C7DF}"
	ProjectSection(SolutionItems) = preProject
		.gitignore = .gitignore
	EndProjectSection
EndProject
Global
	GlobalSection(SolutionConfigurationPlatforms) = preSolution
		Debug|Any CPU = Debug|Any CPU
		Release|Any CPU = Release|Any CPU
	EndGlobalSection
	GlobalSection(ProjectConfigurationPlatforms) = postSolution
		{C6CCE582-2513-4675-BCAE-CC15C3E7D1C9}.Debug|Any CPU.ActiveCfg = Debug|Any CPU
		{C6CCE582-2513-4675-BCAE-CC15C3E7D1C9}.Debug|Any CPU.Build.0 = Debug|Any CPU
		{C6CCE582-2513-4675-BCAE-CC15C3E7D1C9}.Release|Any CPU.ActiveCfg = Release|Any CPU
		{C6CCE582-2513-4675-BCAE-CC15C3E7D1C9}.Release|Any CPU.Build.0 = Release|Any CPU
		{16CAB2A7-4118-450A-BE31-02CAB87E8997}.Debug|Any CPU.ActiveCfg = Debug|Any CPU
		{16CAB2A7-4118-450A-BE31-02CAB87E8997}.Debug|Any CPU.Build.0 = Debug|Any CPU
		{16CAB2A7-4118-450A-BE31-02CAB87E8997}.Release|Any CPU.ActiveCfg = Release|Any CPU
		{16CAB2A7-4118-450A-BE31-02CAB87E8997}.Release|Any CPU.Build.0 = Release|Any CPU
		{5CF48022-E652-4EB0-AE3E-B4104D1FD82B}.Debug|Any CPU.ActiveCfg = Debug|Any CPU
		{5CF48022-E652-4EB0-AE3E-B4104D1FD82B}.Debug|Any CPU.Build.0 = Debug|Any CPU
		{5CF48022-E652-4EB0-AE3E-B4104D1FD82B}.Release|Any CPU.ActiveCfg = Release|Any CPU
		{5CF48022-E652-4EB0-AE3E-B4104D1FD82B}.Release|Any CPU.Build.0 = Release|Any CPU
	EndGlobalSection
	GlobalSection(SolutionProperties) = preSolution
		HideSolutionNode = FALSE
	EndGlobalSection
	GlobalSection(ExtensibilityGlobals) = postSolution
		SolutionGuid = {7583DEED-9887-448C-B885-E107A2FE78C6}
	EndGlobalSection
EndGlobal
